<?xml version="1.0" encoding="UTF-8"?>
<CONFIG>
  <ProjectOptions>
    <Version Value="9"/>
    <PathDelim Value="\"/>
    <General>
      <Flags>
        <LRSInOutputDirectory Value="False"/>
      </Flags>
      <MainUnit Value="0"/>
      <ActiveWindowIndexAtStart Value="0"/>
    </General>
    <VersionInfo>
      <Language Value=""/>
      <CharSet Value=""/>
      <StringTable ProductVersion=""/>
    </VersionInfo>
    <BuildModes Count="1">
      <Item1 Name="default" Default="True"/>
    </BuildModes>
    <PublishOptions>
      <Version Value="2"/>
      <IgnoreBinaries Value="False"/>
      <IncludeFileFilter Value="*.(pas|pp|inc|lfm|lpr|lrs|lpi|lpk|sh|xml)"/>
      <ExcludeFileFilter Value="*.(bak|ppu|ppw|o|so);*~;backup"/>
    </PublishOptions>
    <RunParams>
      <local>
        <FormatVersion Value="1"/>
        <HostApplicationFilename Value="\media\Daten\Source\thalia\output\x86_64-linux\thalia"/>
        <CommandLineParams Value="--interface=irc --server=irc.fu-berlin.de --channel=#flirt.de --displayname=Sabse --debug"/>
        <LaunchingApplication PathPlusParams="\usr\X11R6\bin\xterm -T 'Lazarus Run Output' -e $(LazarusDir)\tools\runwait.sh $(TargetCmdLine)"/>
      </local>
    </RunParams>
    <RequiredPackages Count="1">
      <Item1>
        <PackageName Value="lnetbase"/>
      </Item1>
    </RequiredPackages>
    <Units Count="16">
      <Unit0>
        <Filename Value="irc.lpr"/>
        <IsPartOfProject Value="True"/>
        <UnitName Value="irc"/>
        <IsVisibleTab Value="True"/>
        <EditorIndex Value="1"/>
        <WindowIndex Value="0"/>
        <TopLine Value="39"/>
        <CursorPos X="1" Y="53"/>
        <UsageCount Value="32"/>
        <Loaded Value="True"/>
        <LoadedDesigner Value="True"/>
      </Unit0>
      <Unit1>
        <Filename Value="..\..\lkomponenten\lnet\lazaruspackage\lnetbase.pas"/>
        <UnitName Value="lnetbase"/>
        <TopLine Value="1"/>
        <CursorPos X="1" Y="1"/>
        <UsageCount Value="10"/>
      </Unit1>
      <Unit2>
        <Filename Value="..\..\lkomponenten\lnet\lib\lnet.pp"/>
        <UnitName Value="lNet"/>
        <TopLine Value="533"/>
        <CursorPos X="2" Y="539"/>
        <UsageCount Value="10"/>
      </Unit2>
      <Unit3>
        <Filename Value="..\..\lazarus\fpc\2.2.1\source\rtl\inc\objpash.inc"/>
        <TopLine Value="124"/>
        <CursorPos X="8" Y="138"/>
        <UsageCount Value="10"/>
      </Unit3>
      <Unit4>
        <Filename Value="..\..\lazarus\fpc\2.2.1\source\rtl\objpas\classes\classesh.inc"/>
        <TopLine Value="1295"/>
        <CursorPos X="11" Y="1309"/>
        <UsageCount Value="12"/>
      </Unit4>
      <Unit5>
        <Filename Value="..\..\lkomponenten\lnet\lib\lcommon.pp"/>
        <UnitName Value="lCommon"/>
        <TopLine Value="167"/>
        <CursorPos X="3" Y="194"/>
        <UsageCount Value="10"/>
      </Unit5>
      <Unit6>
        <Filename Value="uspeaker.pas"/>
        <UnitName Value="uSpeaker"/>
        <EditorIndex Value="0"/>
        <WindowIndex Value="0"/>
        <TopLine Value="408"/>
        <CursorPos X="15" Y="96"/>
        <UsageCount Value="11"/>
        <Loaded Value="True"/>
      </Unit6>
      <Unit7>
        <Filename Value="..\output\i386-win32\languages\deutsch\smalltalk.unknown.txt"/>
        <TopLine Value="1"/>
        <CursorPos X="43" Y="5"/>
        <UsageCount Value="10"/>
        <DefaultSyntaxHighlighter Value="None"/>
      </Unit7>
      <Unit8>
        <Filename Value="uplugininterface.pas"/>
        <UnitName Value="uPluginInterface"/>
        <TopLine Value="68"/>
        <CursorPos X="1" Y="76"/>
        <UsageCount Value="10"/>
      </Unit8>
      <Unit9>
        <Filename Value="..\..\lazarus\fpc\2.2.2\source\rtl\i386\i386.inc"/>
        <TopLine Value="303"/>
        <CursorPos X="18" Y="326"/>
        <UsageCount Value="10"/>
      </Unit9>
      <Unit10>
        <Filename Value="..\..\lazarus\fpc\2.2.2\source\rtl\inc\astrings.inc"/>
        <TopLine Value="398"/>
        <CursorPos X="1" Y="414"/>
        <UsageCount Value="10"/>
      </Unit10>
      <Unit11>
        <Filename Value="..\..\lkomponenten\lnet\trunk\lib\lnet.pp"/>
        <UnitName Value="lNet"/>
        <TopLine Value="123"/>
        <CursorPos X="14" Y="139"/>
        <UsageCount Value="10"/>
      </Unit11>
      <Unit12>
        <Filename Value="..\..\ircclient\source\uirc.pas"/>
        <UnitName Value="uirc"/>
        <EditorIndex Value="2"/>
        <WindowIndex Value="0"/>
        <TopLine Value="73"/>
        <CursorPos X="22" Y="96"/>
        <UsageCount Value="10"/>
        <Loaded Value="True"/>
      </Unit12>
      <Unit13>
        <Filename Value="..\..\..\..\..\usr\share\fpcsrc\2.4.0\rtl\objpas\classes\classesh.inc"/>
        <WindowIndex Value="0"/>
        <TopLine Value="112"/>
        <CursorPos X="53" Y="123"/>
        <UsageCount Value="10"/>
      </Unit13>
      <Unit14>
        <Filename Value="..\..\promet\promet\source\components\lnet\lib\lnet.pp"/>
        <UnitName Value="lNet"/>
        <WindowIndex Value="0"/>
        <TopLine Value="1467"/>
        <CursorPos X="16" Y="1471"/>
        <UsageCount Value="10"/>
      </Unit14>
      <Unit15>
        <Filename Value="..\..\promet\promet\source\components\lnet\lib\levents.pp"/>
        <UnitName Value="lEvents"/>
        <WindowIndex Value="0"/>
        <TopLine Value="438"/>
        <CursorPos X="3" Y="441"/>
        <UsageCount Value="10"/>
      </Unit15>
    </Units>
    <JumpHistory Count="30" HistoryIndex="29">
      <Position1>
        <Filename Value="irc.lpr"/>
        <Caret Line="104" Column="25" TopLine="89"/>
      </Position1>
      <Position2>
        <Filename Value="..\..\ircclient\source\uirc.pas"/>
        <Caret Line="109" Column="45" TopLine="104"/>
      </Position2>
      <Position3>
        <Filename Value="..\..\ircclient\source\uirc.pas"/>
        <Caret Line="236" Column="22" TopLine="208"/>
      </Position3>
      <Position4>
        <Filename Value="..\..\ircclient\source\uirc.pas"/>
        <Caret Line="237" Column="22" TopLine="209"/>
      </Position4>
      <Position5>
        <Filename Value="..\..\ircclient\source\uirc.pas"/>
        <Caret Line="238" Column="25" TopLine="210"/>
      </Position5>
      <Position6>
        <Filename Value="irc.lpr"/>
        <Caret Line="115" Column="25" TopLine="92"/>
      </Position6>
      <Position7>
        <Filename Value="..\..\ircclient\source\uirc.pas"/>
        <Caret Line="47" Column="45" TopLine="29"/>
      </Position7>
      <Position8>
        <Filename Value="irc.lpr"/>
        <Caret Line="115" Column="25" TopLine="92"/>
      </Position8>
      <Position9>
        <Filename Value="irc.lpr"/>
        <Caret Line="88" Column="18" TopLine="61"/>
      </Position9>
      <Position10>
        <Filename Value="..\..\ircclient\source\uirc.pas"/>
        <Caret Line="52" Column="59" TopLine="36"/>
      </Position10>
      <Position11>
        <Filename Value="irc.lpr"/>
        <Caret Line="84" Column="16" TopLine="61"/>
      </Position11>
      <Position12>
        <Filename Value="..\..\ircclient\source\uirc.pas"/>
        <Caret Line="32" Column="15" TopLine="14"/>
      </Position12>
      <Position13>
        <Filename Value="..\..\ircclient\source\uirc.pas"/>
        <Caret Line="85" Column="12" TopLine="64"/>
      </Position13>
      <Position14>
        <Filename Value="..\..\ircclient\source\uirc.pas"/>
        <Caret Line="44" Column="42" TopLine="23"/>
      </Position14>
      <Position15>
        <Filename Value="..\..\ircclient\source\uirc.pas"/>
        <Caret Line="97" Column="3" TopLine="79"/>
      </Position15>
      <Position16>
        <Filename Value="..\..\ircclient\source\uirc.pas"/>
        <Caret Line="87" Column="1" TopLine="61"/>
      </Position16>
      <Position17>
        <Filename Value="irc.lpr"/>
        <Caret Line="84" Column="16" TopLine="61"/>
      </Position17>
      <Position18>
        <Filename Value="irc.lpr"/>
        <Caret Line="145" Column="5" TopLine="116"/>
      </Position18>
      <Position19>
        <Filename Value="irc.lpr"/>
        <Caret Line="107" Column="32" TopLine="95"/>
      </Position19>
      <Position20>
        <Filename Value="..\..\ircclient\source\uirc.pas"/>
        <Caret Line="119" Column="34" TopLine="100"/>
      </Position20>
      <Position21>
        <Filename Value="..\..\ircclient\source\uirc.pas"/>
        <Caret Line="92" Column="10" TopLine="76"/>
      </Position21>
      <Position22>
        <Filename Value="..\..\ircclient\source\uirc.pas"/>
        <Caret Line="235" Column="32" TopLine="219"/>
      </Position22>
      <Position23>
        <Filename Value="..\..\ircclient\source\uirc.pas"/>
        <Caret Line="117" Column="11" TopLine="100"/>
      </Position23>
      <Position24>
        <Filename Value="..\..\ircclient\source\uirc.pas"/>
        <Caret Line="259" Column="9" TopLine="240"/>
      </Position24>
      <Position25>
        <Filename Value="..\..\ircclient\source\uirc.pas"/>
        <Caret Line="246" Column="13" TopLine="233"/>
      </Position25>
      <Position26>
        <Filename Value="..\..\ircclient\source\uirc.pas"/>
        <Caret Line="248" Column="1" TopLine="229"/>
      </Position26>
      <Position27>
        <Filename Value="..\..\ircclient\source\uirc.pas"/>
        <Caret Line="247" Column="24" TopLine="230"/>
      </Position27>
      <Position28>
        <Filename Value="..\..\ircclient\source\uirc.pas"/>
        <Caret Line="290" Column="27" TopLine="281"/>
      </Position28>
      <Position29>
        <Filename Value="..\..\ircclient\source\uirc.pas"/>
        <Caret Line="262" Column="52" TopLine="232"/>
      </Position29>
      <Position30>
        <Filename Value="irc.lpr"/>
        <Caret Line="84" Column="20" TopLine="60"/>
      </Position30>
    </JumpHistory>
  </ProjectOptions>
  <CompilerOptions>
    <Version Value="11"/>
    <SearchPaths>
      <OtherUnitFiles Value="../../ircclient/source"/>
      <UnitOutputDirectory Value="../output/$(TargetCPU)-$(TargetOS)/plugins"/>
    </SearchPaths>
    <Parsing>
      <SyntaxOptions>
        <CStyleOperator Value="False"/>
        <UseAnsiStrings Value="False"/>
      </SyntaxOptions>
    </Parsing>
    <CodeGeneration>
      <Optimizations>
        <OptimizationLevel Value="0"/>
      </Optimizations>
    </CodeGeneration>
    <Linking>
      <Debugging>
        <GenerateDebugInfo Value="False"/>
        <UseLineInfoUnit Value="False"/>
        <StripSymbols Value="True"/>
      </Debugging>
      <Options>
        <ExecutableType Value="Library"/>
      </Options>
    </Linking>
    <Other>
      <CompilerMessages>
        <UseMsgFile Value="True"/>
      </CompilerMessages>
      <CustomOptions Value="-Cg"/>
      <CompilerPath Value="$(CompPath)"/>
    </Other>
  </CompilerOptions>
  <Debugging>
    <Exceptions Count="2">
      <Item1>
        <Name Value="ECodetoolError"/>
      </Item1>
      <Item2>
        <Name Value="EFOpenError"/>
      </Item2>
    </Exceptions>
  </Debugging>
  <EditorMacros Count="0"/>
</CONFIG>
