<?xml version="1.0" encoding="UTF-8"?>
<CONFIG>
  <ProjectOptions>
    <Version Value="9"/>
    <PathDelim Value="\"/>
    <General>
      <Flags>
        <LRSInOutputDirectory Value="False"/>
      </Flags>
      <MainUnit Value="0"/>
      <ActiveWindowIndexAtStart Value="0"/>
    </General>
    <VersionInfo>
      <StringTable ProductVersion=""/>
    </VersionInfo>
    <MacroValues Count="1">
      <Macro1 Name="LCLWidgetType" Value="nogui"/>
    </MacroValues>
    <BuildModes Count="1">
      <Item1 Name="default" Default="True"/>
      <SharedMatrixOptions Count="1">
        <Item1 ID="015709451696" Modes="default" Type="IDEMacro" MacroName="LCLWidgetType" Value="nogui"/>
      </SharedMatrixOptions>
    </BuildModes>
    <PublishOptions>
      <Version Value="2"/>
      <IgnoreBinaries Value="False"/>
      <IncludeFileFilter Value="*.(pas|pp|inc|lfm|lpr|lrs|lpi|lpk|sh|xml)"/>
      <ExcludeFileFilter Value="*.(bak|ppu|ppw|o|so);*~;backup"/>
    </PublishOptions>
    <RunParams>
      <local>
        <FormatVersion Value="1"/>
        <CommandLineParams Value="--interface=irc --server=irc.fu-berlin.de --channel=#flirt.de --displayname=Sabse --debug"/>
        <LaunchingApplication PathPlusParams="\usr\bin\gnome-terminal -t 'Lazarus Run Output' -e '$(LazarusDir)\tools\runwait.sh $(TargetCmdLine)'"/>
      </local>
    </RunParams>
    <RequiredPackages Count="6">
      <Item1>
        <PackageName Value="laz_synapse"/>
      </Item1>
      <Item2>
        <PackageName Value="general_nogui"/>
      </Item2>
      <Item3>
        <PackageName Value="zdbc"/>
      </Item3>
      <Item4>
        <PackageName Value="LCL"/>
      </Item4>
      <Item5>
        <PackageName Value="FCL"/>
      </Item5>
      <Item6>
        <PackageName Value="lnetbase"/>
      </Item6>
    </RequiredPackages>
    <Units Count="49">
      <Unit0>
        <Filename Value="thalia.lpr"/>
        <IsPartOfProject Value="True"/>
        <UnitName Value="thalia"/>
        <EditorIndex Value="0"/>
        <WindowIndex Value="0"/>
        <TopLine Value="68"/>
        <CursorPos X="22" Y="93"/>
        <UsageCount Value="200"/>
        <Loaded Value="True"/>
        <LoadedDesigner Value="True"/>
      </Unit0>
      <Unit1>
        <Filename Value="uspeaker.pas"/>
        <IsPartOfProject Value="True"/>
        <UnitName Value="uSpeaker"/>
        <IsVisibleTab Value="True"/>
        <EditorIndex Value="6"/>
        <WindowIndex Value="0"/>
        <TopLine Value="468"/>
        <CursorPos X="1" Y="496"/>
        <UsageCount Value="132"/>
        <Loaded Value="True"/>
      </Unit1>
      <Unit2>
        <Filename Value="..\..\general\src\Utils.pas"/>
        <UnitName Value="Utils"/>
        <TopLine Value="684"/>
        <CursorPos X="14" Y="684"/>
        <UsageCount Value="11"/>
      </Unit2>
      <Unit3>
        <Filename Value="uintfstrconsts.pas"/>
        <UnitName Value="uIntfStrConsts"/>
        <EditorIndex Value="7"/>
        <WindowIndex Value="0"/>
        <TopLine Value="1"/>
        <CursorPos X="33" Y="3"/>
        <UsageCount Value="46"/>
        <Loaded Value="True"/>
      </Unit3>
      <Unit4>
        <Filename Value="..\..\Programme\lazarus\fpc\2.2.1\source\packages\fcl-base\src\inc\custapp.pp"/>
        <UnitName Value="CustApp"/>
        <TopLine Value="34"/>
        <CursorPos X="28" Y="56"/>
        <UsageCount Value="10"/>
      </Unit4>
      <Unit5>
        <Filename Value="uplugininterface.pas"/>
        <IsPartOfProject Value="True"/>
        <UnitName Value="uPluginInterface"/>
        <EditorIndex Value="2"/>
        <WindowIndex Value="0"/>
        <TopLine Value="35"/>
        <CursorPos X="42" Y="141"/>
        <UsageCount Value="199"/>
        <Loaded Value="True"/>
      </Unit5>
      <Unit6>
        <Filename Value="irc.lpr"/>
        <UnitName Value="irc"/>
        <TopLine Value="195"/>
        <CursorPos X="1" Y="211"/>
        <UsageCount Value="17"/>
      </Unit6>
      <Unit7>
        <Filename Value="..\output\i386-win32\languages\deutsch\smalltalk.commands"/>
        <TopLine Value="1"/>
        <CursorPos X="45" Y="1"/>
        <UsageCount Value="4"/>
        <DefaultSyntaxHighlighter Value="None"/>
      </Unit7>
      <Unit8>
        <Filename Value="..\output\i386-win32\languages\deutsch\lazarus-faq.questions.txt"/>
        <TopLine Value="1"/>
        <CursorPos X="53" Y="5"/>
        <UsageCount Value="4"/>
        <DefaultSyntaxHighlighter Value="None"/>
      </Unit8>
      <Unit9>
        <Filename Value="..\..\Programme\lazarus\fpc\2.2.0\source\rtl\objpas\classes\classesh.inc"/>
        <TopLine Value="438"/>
        <CursorPos X="15" Y="459"/>
        <UsageCount Value="2"/>
      </Unit9>
      <Unit10>
        <Filename Value="..\..\Programme\lazarus\fpc\2.2.0\source\rtl\objpas\classes\stringl.inc"/>
        <TopLine Value="286"/>
        <CursorPos X="3" Y="295"/>
        <UsageCount Value="2"/>
      </Unit10>
      <Unit11>
        <Filename Value="..\output\i386-win32\languages\deutsch\smalltalk.questions.txt"/>
        <TopLine Value="1"/>
        <CursorPos X="8" Y="18"/>
        <UsageCount Value="10"/>
        <DefaultSyntaxHighlighter Value="None"/>
      </Unit11>
      <Unit12>
        <Filename Value="uiplocation.pas"/>
        <UnitName Value="uIPLocation"/>
        <WindowIndex Value="0"/>
        <TopLine Value="1"/>
        <CursorPos X="3" Y="11"/>
        <UsageCount Value="100"/>
      </Unit12>
      <Unit13>
        <Filename Value="..\..\lkomponenten\acs\Src\classes\acs_cdrom.pas"/>
        <UnitName Value="acs_cdrom"/>
        <TopLine Value="72"/>
        <CursorPos X="70" Y="96"/>
        <UsageCount Value="10"/>
      </Unit13>
      <Unit14>
        <Filename Value="..\..\lazarus\fpc\2.2.0\source\rtl\inc\systemh.inc"/>
        <TopLine Value="208"/>
        <CursorPos X="3" Y="233"/>
        <UsageCount Value="10"/>
      </Unit14>
      <Unit15>
        <Filename Value="..\..\lazarus\fpc\2.2.0\source\rtl\inc\wstringh.inc"/>
        <TopLine Value="50"/>
        <CursorPos X="34" Y="84"/>
        <UsageCount Value="10"/>
      </Unit15>
      <Unit16>
        <Filename Value="..\..\lkomponenten\virtualtreeview\source\virtualtrees.pas"/>
        <UnitName Value="VirtualTrees"/>
        <TopLine Value="62"/>
        <CursorPos X="5" Y="73"/>
        <UsageCount Value="2"/>
      </Unit16>
      <Unit17>
        <Filename Value="..\..\lazarus\fpc\2.2.2\source\rtl\inc\rtti.inc"/>
        <TopLine Value="207"/>
        <CursorPos X="1" Y="223"/>
        <UsageCount Value="10"/>
      </Unit17>
      <Unit18>
        <Filename Value="..\..\usr\lib\lazarus\lcl\lclproc.pas"/>
        <UnitName Value="LCLProc"/>
        <TopLine Value="1"/>
        <CursorPos X="1" Y="1"/>
        <UsageCount Value="2"/>
      </Unit18>
      <Unit19>
        <Filename Value="C:\Programme\lazarus\ide\sourceeditor.pp"/>
        <UnitName Value="SourceEditor"/>
        <TopLine Value="159"/>
        <CursorPos X="43" Y="171"/>
        <UsageCount Value="2"/>
      </Unit19>
      <Unit20>
        <Filename Value="D:\home\chris\lazarus\lcl\interfaces\nogui\noguiint.pp"/>
        <UnitName Value="NoGUIInt"/>
        <TopLine Value="1"/>
        <CursorPos X="66" Y="11"/>
        <UsageCount Value="2"/>
      </Unit20>
      <Unit21>
        <Filename Value="uwhois.pas"/>
        <UnitName Value="uwhois"/>
        <EditorIndex Value="9"/>
        <WindowIndex Value="0"/>
        <TopLine Value="19"/>
        <CursorPos X="22" Y="29"/>
        <UsageCount Value="83"/>
        <Loaded Value="True"/>
      </Unit21>
      <Unit22>
        <Filename Value="..\..\ircclient\source\uirc.pas"/>
        <UnitName Value="uirc"/>
        <WindowIndex Value="0"/>
        <TopLine Value="283"/>
        <CursorPos X="17" Y="299"/>
        <UsageCount Value="57"/>
      </Unit22>
      <Unit23>
        <Filename Value="C:\Dokumente und Einstellungen\Chris\Desktop\whoisclass.pas"/>
        <UnitName Value="WhoisClass"/>
        <TopLine Value="168"/>
        <CursorPos X="42" Y="179"/>
        <UsageCount Value="2"/>
      </Unit23>
      <Unit24>
        <Filename Value="C:\Programme\lazarus\lcl\interfaces\nogui\interfaces.pp"/>
        <UnitName Value="Interfaces"/>
        <TopLine Value="1"/>
        <CursorPos X="74" Y="11"/>
        <UsageCount Value="2"/>
      </Unit24>
      <Unit25>
        <Filename Value="..\..\lkomponenten\lnet\lazaruspackage\lclnet.pas"/>
        <UnitName Value="LCLNet"/>
        <TopLine Value="33"/>
        <CursorPos X="15" Y="45"/>
        <UsageCount Value="2"/>
      </Unit25>
      <Unit26>
        <Filename Value="D:\home\chris\lazarus\lcl\interfaces\nogui\interfaces.pp"/>
        <UnitName Value="Interfaces"/>
        <WindowIndex Value="0"/>
        <TopLine Value="10"/>
        <CursorPos X="3" Y="32"/>
        <UsageCount Value="2"/>
      </Unit26>
      <Unit27>
        <Filename Value="D:\usr\share\fpcsrc\2.4.0\rtl\inc\ustringh.inc"/>
        <WindowIndex Value="0"/>
        <TopLine Value="91"/>
        <CursorPos X="10" Y="102"/>
        <UsageCount Value="3"/>
      </Unit27>
      <Unit28>
        <Filename Value="D:\usr\share\fpcsrc\2.4.0\rtl\inc\ustrings.inc"/>
        <WindowIndex Value="0"/>
        <TopLine Value="2295"/>
        <CursorPos X="5" Y="2300"/>
        <UsageCount Value="3"/>
      </Unit28>
      <Unit29>
        <Filename Value="D:\home\chris\lazarus\lcl\fileutil.pas"/>
        <UnitName Value="FileUtil"/>
        <WindowIndex Value="0"/>
        <TopLine Value="193"/>
        <CursorPos X="1" Y="1"/>
        <UsageCount Value="3"/>
      </Unit29>
      <Unit30>
        <Filename Value="D:\home\chris\lazarus\lcl\interfaces\gtk2\gtk2def.pp"/>
        <UnitName Value="Gtk2Def"/>
        <WindowIndex Value="0"/>
        <TopLine Value="1"/>
        <CursorPos X="38" Y="42"/>
        <UsageCount Value="3"/>
      </Unit30>
      <Unit31>
        <Filename Value="..\languages\deutsch\smalltalk.questions.txt"/>
        <WindowIndex Value="0"/>
        <TopLine Value="1"/>
        <CursorPos X="10" Y="1"/>
        <UsageCount Value="12"/>
        <DefaultSyntaxHighlighter Value="None"/>
      </Unit31>
      <Unit32>
        <Filename Value="..\..\promet\general\src\Utils.pas"/>
        <UnitName Value="Utils"/>
        <WindowIndex Value="0"/>
        <TopLine Value="610"/>
        <CursorPos X="3" Y="612"/>
        <UsageCount Value="3"/>
      </Unit32>
      <Unit33>
        <Filename Value="..\..\promet\promet\source\components\zeos\src\dbc\ZDbcIntfs.pas"/>
        <UnitName Value="ZDbcIntfs"/>
        <WindowIndex Value="0"/>
        <TopLine Value="1042"/>
        <CursorPos X="1" Y="1060"/>
        <UsageCount Value="4"/>
        <DefaultSyntaxHighlighter Value="Delphi"/>
      </Unit33>
      <Unit34>
        <Filename Value="..\languages\deutsch\smalltalk.unknown.txt"/>
        <WindowIndex Value="0"/>
        <TopLine Value="1"/>
        <CursorPos X="7" Y="1"/>
        <UsageCount Value="6"/>
        <DefaultSyntaxHighlighter Value="None"/>
      </Unit34>
      <Unit35>
        <Filename Value="..\languages\deutsch\nothingtosay.questions.txt"/>
        <WindowIndex Value="0"/>
        <TopLine Value="1"/>
        <CursorPos X="9" Y="5"/>
        <UsageCount Value="9"/>
        <DefaultSyntaxHighlighter Value="None"/>
      </Unit35>
      <Unit36>
        <Filename Value="uwikipedia.pas"/>
        <IsPartOfProject Value="True"/>
        <UnitName Value="uwikipedia"/>
        <WindowIndex Value="0"/>
        <TopLine Value="157"/>
        <CursorPos X="1" Y="191"/>
        <UsageCount Value="72"/>
      </Unit36>
      <Unit37>
        <Filename Value="..\..\promet\promet\source\components\synapse\httpsend.pas"/>
        <UnitName Value="httpsend"/>
        <WindowIndex Value="0"/>
        <TopLine Value="66"/>
        <CursorPos X="3" Y="83"/>
        <UsageCount Value="29"/>
      </Unit37>
      <Unit38>
        <Filename Value="..\..\wikihelp\src\wiki2html.lpr"/>
        <UnitName Value="wiki2html"/>
        <WindowIndex Value="0"/>
        <TopLine Value="1"/>
        <CursorPos X="21" Y="12"/>
        <UsageCount Value="7"/>
      </Unit38>
      <Unit39>
        <Filename Value="..\..\promet\promet\source\base_wiki\wikitohtml.pas"/>
        <UnitName Value="wikitohtml"/>
        <EditorIndex Value="8"/>
        <WindowIndex Value="0"/>
        <TopLine Value="377"/>
        <CursorPos X="23" Y="410"/>
        <UsageCount Value="32"/>
        <Loaded Value="True"/>
      </Unit39>
      <Unit40>
        <Filename Value="..\..\promet\promet\source\components\zeos\src\dbc\ZDbcSqLiteUtils.pas"/>
        <UnitName Value="ZDbcSqLiteUtils"/>
        <WindowIndex Value="0"/>
        <TopLine Value="250"/>
        <CursorPos X="1" Y="267"/>
        <UsageCount Value="8"/>
        <DefaultSyntaxHighlighter Value="Delphi"/>
      </Unit40>
      <Unit41>
        <Filename Value="..\..\promet\promet\source\components\zeos\src\component\ZAbstractDataset.pas"/>
        <UnitName Value="ZAbstractDataset"/>
        <WindowIndex Value="0"/>
        <TopLine Value="310"/>
        <CursorPos X="19" Y="330"/>
        <UsageCount Value="7"/>
        <DefaultSyntaxHighlighter Value="Delphi"/>
      </Unit41>
      <Unit42>
        <Filename Value="umath.pas"/>
        <IsPartOfProject Value="True"/>
        <UnitName Value="umath"/>
        <WindowIndex Value="0"/>
        <TopLine Value="17"/>
        <CursorPos X="67" Y="43"/>
        <UsageCount Value="45"/>
      </Unit42>
      <Unit43>
        <Filename Value="MathParser.pas"/>
        <UnitName Value="MathParser"/>
        <EditorIndex Value="3"/>
        <WindowIndex Value="0"/>
        <TopLine Value="618"/>
        <CursorPos X="51" Y="637"/>
        <UsageCount Value="17"/>
        <Loaded Value="True"/>
      </Unit43>
      <Unit44>
        <Filename Value="uusers.pas"/>
        <IsPartOfProject Value="True"/>
        <UnitName Value="uUsers"/>
        <EditorIndex Value="1"/>
        <WindowIndex Value="0"/>
        <TopLine Value="11"/>
        <CursorPos X="1" Y="38"/>
        <UsageCount Value="32"/>
        <Loaded Value="True"/>
      </Unit44>
      <Unit45>
        <Filename Value="..\..\promet\promet\source\components\synapse\dnssend.pas"/>
        <UnitName Value="dnssend"/>
        <WindowIndex Value="0"/>
        <TopLine Value="177"/>
        <CursorPos X="10" Y="211"/>
        <UsageCount Value="12"/>
      </Unit45>
      <Unit46>
        <Filename Value="utwitter.pas"/>
        <IsPartOfProject Value="True"/>
        <UnitName Value="utwitter"/>
        <EditorIndex Value="5"/>
        <WindowIndex Value="0"/>
        <TopLine Value="1"/>
        <CursorPos X="28" Y="8"/>
        <UsageCount Value="25"/>
        <Loaded Value="True"/>
      </Unit46>
      <Unit47>
        <Filename Value="twitter.pas"/>
        <UnitName Value="twitter"/>
        <WindowIndex Value="0"/>
        <TopLine Value="55"/>
        <CursorPos X="21" Y="51"/>
        <UsageCount Value="10"/>
      </Unit47>
      <Unit48>
        <Filename Value="oauth1synapse.pas"/>
        <UnitName Value="oauth1synapse"/>
        <EditorIndex Value="4"/>
        <WindowIndex Value="0"/>
        <TopLine Value="1"/>
        <CursorPos X="57" Y="2"/>
        <UsageCount Value="12"/>
        <Loaded Value="True"/>
      </Unit48>
    </Units>
    <JumpHistory Count="27" HistoryIndex="26">
      <Position1>
        <Filename Value="uusers.pas"/>
        <Caret Line="37" Column="26" TopLine="10"/>
      </Position1>
      <Position2>
        <Filename Value="uspeaker.pas"/>
        <Caret Line="920" Column="14" TopLine="902"/>
      </Position2>
      <Position3>
        <Filename Value="uspeaker.pas"/>
        <Caret Line="315" Column="1" TopLine="308"/>
      </Position3>
      <Position4>
        <Filename Value="uspeaker.pas"/>
        <Caret Line="316" Column="1" TopLine="308"/>
      </Position4>
      <Position5>
        <Filename Value="uspeaker.pas"/>
        <Caret Line="318" Column="1" TopLine="308"/>
      </Position5>
      <Position6>
        <Filename Value="uspeaker.pas"/>
        <Caret Line="319" Column="1" TopLine="308"/>
      </Position6>
      <Position7>
        <Filename Value="uspeaker.pas"/>
        <Caret Line="320" Column="1" TopLine="308"/>
      </Position7>
      <Position8>
        <Filename Value="uspeaker.pas"/>
        <Caret Line="321" Column="1" TopLine="308"/>
      </Position8>
      <Position9>
        <Filename Value="uspeaker.pas"/>
        <Caret Line="323" Column="1" TopLine="308"/>
      </Position9>
      <Position10>
        <Filename Value="uspeaker.pas"/>
        <Caret Line="324" Column="1" TopLine="308"/>
      </Position10>
      <Position11>
        <Filename Value="uusers.pas"/>
        <Caret Line="37" Column="26" TopLine="10"/>
      </Position11>
      <Position12>
        <Filename Value="uusers.pas"/>
        <Caret Line="33" Column="17" TopLine="10"/>
      </Position12>
      <Position13>
        <Filename Value="uusers.pas"/>
        <Caret Line="43" Column="1" TopLine="15"/>
      </Position13>
      <Position14>
        <Filename Value="uusers.pas"/>
        <Caret Line="44" Column="1" TopLine="16"/>
      </Position14>
      <Position15>
        <Filename Value="uusers.pas"/>
        <Caret Line="45" Column="1" TopLine="17"/>
      </Position15>
      <Position16>
        <Filename Value="uusers.pas"/>
        <Caret Line="46" Column="1" TopLine="18"/>
      </Position16>
      <Position17>
        <Filename Value="uusers.pas"/>
        <Caret Line="48" Column="1" TopLine="20"/>
      </Position17>
      <Position18>
        <Filename Value="uusers.pas"/>
        <Caret Line="49" Column="1" TopLine="21"/>
      </Position18>
      <Position19>
        <Filename Value="uusers.pas"/>
        <Caret Line="50" Column="1" TopLine="21"/>
      </Position19>
      <Position20>
        <Filename Value="uusers.pas"/>
        <Caret Line="37" Column="1" TopLine="21"/>
      </Position20>
      <Position21>
        <Filename Value="uusers.pas"/>
        <Caret Line="38" Column="1" TopLine="11"/>
      </Position21>
      <Position22>
        <Filename Value="MathParser.pas"/>
        <Caret Line="637" Column="51" TopLine="618"/>
      </Position22>
      <Position23>
        <Filename Value="thalia.lpr"/>
        <Caret Line="93" Column="22" TopLine="68"/>
      </Position23>
      <Position24>
        <Filename Value="uspeaker.pas"/>
        <Caret Line="935" Column="23" TopLine="927"/>
      </Position24>
      <Position25>
        <Filename Value="uplugininterface.pas"/>
        <Caret Line="144" Column="16" TopLine="131"/>
      </Position25>
      <Position26>
        <Filename Value="uspeaker.pas"/>
        <Caret Line="135" Column="51" TopLine="121"/>
      </Position26>
      <Position27>
        <Filename Value="uspeaker.pas"/>
        <Caret Line="326" Column="23" TopLine="297"/>
      </Position27>
    </JumpHistory>
  </ProjectOptions>
  <CompilerOptions>
    <Version Value="11"/>
    <SearchPaths>
      <UnitOutputDirectory Value="../output/$(TargetCPU)-$(TargetOS)"/>
    </SearchPaths>
    <Parsing>
      <SyntaxOptions>
        <CStyleOperator Value="False"/>
      </SyntaxOptions>
    </Parsing>
    <Linking>
      <Debugging>
        <UseExternalDbgSyms Value="True"/>
      </Debugging>
    </Linking>
    <Other>
      <CompilerMessages>
        <UseMsgFile Value="True"/>
      </CompilerMessages>
      <CustomOptions Value="-XLAdbus-1="/>
      <CompilerPath Value="$(CompPath)"/>
    </Other>
  </CompilerOptions>
  <Debugging>
    <Watches Count="3">
      <Item1>
        <Expression Value="bOut"/>
      </Item1>
      <Item2>
        <Expression Value="aOut"/>
      </Item2>
      <Item3>
        <Expression Value="aText"/>
      </Item3>
    </Watches>
    <Exceptions Count="2">
      <Item1>
        <Name Value="ECodetoolError"/>
      </Item1>
      <Item2>
        <Name Value="EFOpenError"/>
      </Item2>
    </Exceptions>
  </Debugging>
  <EditorMacros Count="0"/>
</CONFIG>
